
Microsoft Visual Studio Solution File, Format Version 12.00
# Visual Studio Version 17
VisualStudioVersion = 17.3.32825.248
MinimumVisualStudioVersion = 10.0.40219.1
Project("{F184B08F-C81C-45F6-A57F-5ABD9991F28F}") = "WindowsApp4", "WindowsApp4\WindowsApp4.vbproj", "{1F16F26A-3958-473A-BAC4-A55BF873FCB4}"
EndProject
Global
	GlobalSection(SolutionConfigurationPlatforms) = preSolution
		Debug|Any CPU = Debug|Any CPU
		Release|Any CPU = Release|Any CPU
	EndGlobalSection
	GlobalSection(ProjectConfigurationPlatforms) = postSolution
		{1F16F26A-3958-473A-BAC4-A55BF873FCB4}.Debug|Any CPU.ActiveCfg = Debug|Any CPU
		{1F16F26A-3958-473A-BAC4-A55BF873FCB4}.Debug|Any CPU.Build.0 = Debug|Any CPU
		{1F16F26A-3958-473A-BAC4-A55BF873FCB4}.Release|Any CPU.ActiveCfg = Release|Any CPU
		{1F16F26A-3958-473A-BAC4-A55BF873FCB4}.Release|Any CPU.Build.0 = Release|Any CPU
	EndGlobalSection
	GlobalSection(SolutionProperties) = preSolution
		HideSolutionNode = FALSE
	EndGlobalSection
	GlobalSection(ExtensibilityGlobals) = postSolution
		SolutionGuid = {7AB66581-17CA-4D3E-B8FD-6D9A1F97F379}
	EndGlobalSection
EndGlobal
